
Microsoft Visual Studio Solution File, Format Version 12.00
# Visual Studio Version 16
VisualStudioVersion = 16.0.34114.132
MinimumVisualStudioVersion = 10.0.40219.1
Project("{8BC9CEB8-8B4A-11D0-8D11-00A0C91BC942}") = "ICP_Test1", "ICP_Test1\ICP_Test1.vcxproj", "{6FD75455-C66B-4C9D-A5DE-00A5F92D7B77}"
EndProject
Global
	GlobalSection(SolutionConfigurationPlatforms) = preSolution
		Debug|x64 = Debug|x64
		Debug|x86 = Debug|x86
		Release|x64 = Release|x64
		Release|x86 = Release|x86
	EndGlobalSection
	GlobalSection(ProjectConfigurationPlatforms) = postSolution
		{6FD75455-C66B-4C9D-A5DE-00A5F92D7B77}.Debug|x64.ActiveCfg = Debug|x64
		{6FD75455-C66B-4C9D-A5DE-00A5F92D7B77}.Debug|x64.Build.0 = Debug|x64
		{6FD75455-C66B-4C9D-A5DE-00A5F92D7B77}.Debug|x86.ActiveCfg = Debug|Win32
		{6FD75455-C66B-4C9D-A5DE-00A5F92D7B77}.Debug|x86.Build.0 = Debug|Win32
		{6FD75455-C66B-4C9D-A5DE-00A5F92D7B77}.Release|x64.ActiveCfg = Release|x64
		{6FD75455-C66B-4C9D-A5DE-00A5F92D7B77}.Release|x64.Build.0 = Release|x64
		{6FD75455-C66B-4C9D-A5DE-00A5F92D7B77}.Release|x86.ActiveCfg = Release|Win32
		{6FD75455-C66B-4C9D-A5DE-00A5F92D7B77}.Release|x86.Build.0 = Release|Win32
	EndGlobalSection
	GlobalSection(SolutionProperties) = preSolution
		HideSolutionNode = FALSE
	EndGlobalSection
	GlobalSection(ExtensibilityGlobals) = postSolution
		SolutionGuid = {3E9BFE00-4360-4980-AC30-6C1105D9B9C5}
	EndGlobalSection
EndGlobal
